// !$*UTF8*$!
{
	archiveVersion = 1;
	classes = {
	};
	objectVersion = 52;
	objects = {

/* Begin PBXBuildFile section */
		9C11AE0B27208F0D0003E338 /* TextStyleCell.swift in Sources */ = {isa = PBXBuildFile; fileRef = 9C11AE0A27208F0D0003E338 /* TextStyleCell.swift */; };
		9C11AE0D27208F240003E338 /* TextStyleCell.xib in Resources */ = {isa = PBXBuildFile; fileRef = 9C11AE0C27208F240003E338 /* TextStyleCell.xib */; };
		9C11B406272096860003E338 /* UITableView+Helpers.swift in Sources */ = {isa = PBXBuildFile; fileRef = 9C11B405272096860003E338 /* UITableView+Helpers.swift */; };
		9C28154A252499A700A0D08B /* AppDelegate.swift in Sources */ = {isa = PBXBuildFile; fileRef = 9C281549252499A700A0D08B /* AppDelegate.swift */; };
		9C28154C252499A700A0D08B /* SceneDelegate.swift in Sources */ = {isa = PBXBuildFile; fileRef = 9C28154B252499A700A0D08B /* SceneDelegate.swift */; };
		9C281551252499A700A0D08B /* Main.storyboard in Resources */ = {isa = PBXBuildFile; fileRef = 9C28154F252499A700A0D08B /* Main.storyboard */; };
		9C281553252499AA00A0D08B /* Assets.xcassets in Resources */ = {isa = PBXBuildFile; fileRef = 9C281552252499AA00A0D08B /* Assets.xcassets */; };
		9C281556252499AA00A0D08B /* LaunchScreen.storyboard in Resources */ = {isa = PBXBuildFile; fileRef = 9C281554252499AA00A0D08B /* LaunchScreen.storyboard */; };
		9C28181425249A1B00A0D08B /* CGFloat+Scaled.swift in Sources */ = {isa = PBXBuildFile; fileRef = 9C28181325249A1B00A0D08B /* CGFloat+Scaled.swift */; };
		9C28181B25249AC300A0D08B /* NSDynamicLayoutConstraint.swift in Sources */ = {isa = PBXBuildFile; fileRef = 9C28181A25249AC300A0D08B /* NSDynamicLayoutConstraint.swift */; };
		9C28181E25249AE600A0D08B /* AccessibleStackView.swift in Sources */ = {isa = PBXBuildFile; fileRef = 9C28181D25249AE600A0D08B /* AccessibleStackView.swift */; };
		9CA7324E2715F5AA001C02EA /* ScrollingContentViewController in Frameworks */ = {isa = PBXBuildFile; productRef = 9CA7324D2715F5AA001C02EA /* ScrollingContentViewController */; };
		9CA732522715F79F001C02EA /* TextStylesViewController.swift in Sources */ = {isa = PBXBuildFile; fileRef = 9CA732512715F79F001C02EA /* TextStylesViewController.swift */; };
		9CA732552716002F001C02EA /* StackViewsController.swift in Sources */ = {isa = PBXBuildFile; fileRef = 9CA732542716002F001C02EA /* StackViewsController.swift */; };
		9CBA388A2524A53F001A33ED /* SwitchingDefaultViewController.swift in Sources */ = {isa = PBXBuildFile; fileRef = 9CBA38892524A53F001A33ED /* SwitchingDefaultViewController.swift */; };
		9CBA388D2524A554001A33ED /* SwitchingAccessibleViewController.swift in Sources */ = {isa = PBXBuildFile; fileRef = 9CBA388C2524A554001A33ED /* SwitchingAccessibleViewController.swift */; };
		9CCA16762721EBF100924D0C /* StackViewCell.swift in Sources */ = {isa = PBXBuildFile; fileRef = 9CCA16752721EBBF00924D0C /* StackViewCell.swift */; };
		9CCA16772721EBF100924D0C /* StackViewCell.xib in Resources */ = {isa = PBXBuildFile; fileRef = 9CCA16742721EBBF00924D0C /* StackViewCell.xib */; };
		9CCB4AC825249FD200C7C0C1 /* UIView+LargeContent.swift in Sources */ = {isa = PBXBuildFile; fileRef = 9CCB4AC725249FD200C7C0C1 /* UIView+LargeContent.swift */; };
		9CCB4ACB2524A0D600C7C0C1 /* StateViewController.swift in Sources */ = {isa = PBXBuildFile; fileRef = 9CCB4ACA2524A0D600C7C0C1 /* StateViewController.swift */; };
		9CCB4ACE2524A11200C7C0C1 /* UIView+Pinning.swift in Sources */ = {isa = PBXBuildFile; fileRef = 9CCB4ACD2524A11200C7C0C1 /* UIView+Pinning.swift */; };
		9CCB4AD12524A34400C7C0C1 /* SwitchingViewController.swift in Sources */ = {isa = PBXBuildFile; fileRef = 9CCB4AD02524A34400C7C0C1 /* SwitchingViewController.swift */; };
/* End PBXBuildFile section */

/* Begin PBXFileReference section */
		9C11AE0A27208F0D0003E338 /* TextStyleCell.swift */ = {isa = PBXFileReference; lastKnownFileType = sourcecode.swift; path = TextStyleCell.swift; sourceTree = "<group>"; };
		9C11AE0C27208F240003E338 /* TextStyleCell.xib */ = {isa = PBXFileReference; lastKnownFileType = file.xib; path = TextStyleCell.xib; sourceTree = "<group>"; };
		9C11B405272096860003E338 /* UITableView+Helpers.swift */ = {isa = PBXFileReference; lastKnownFileType = sourcecode.swift; path = "UITableView+Helpers.swift"; sourceTree = "<group>"; };
		9C281546252499A700A0D08B /* DynamicTypeDemo.app */ = {isa = PBXFileReference; explicitFileType = wrapper.application; includeInIndex = 0; path = DynamicTypeDemo.app; sourceTree = BUILT_PRODUCTS_DIR; };
		9C281549252499A700A0D08B /* AppDelegate.swift */ = {isa = PBXFileReference; lastKnownFileType = sourcecode.swift; path = AppDelegate.swift; sourceTree = "<group>"; };
		9C28154B252499A700A0D08B /* SceneDelegate.swift */ = {isa = PBXFileReference; lastKnownFileType = sourcecode.swift; path = SceneDelegate.swift; sourceTree = "<group>"; };
		9C281550252499A700A0D08B /* Base */ = {isa = PBXFileReference; lastKnownFileType = file.storyboard; name = Base; path = Base.lproj/Main.storyboard; sourceTree = "<group>"; };
		9C281552252499AA00A0D08B /* Assets.xcassets */ = {isa = PBXFileReference; lastKnownFileType = folder.assetcatalog; path = Assets.xcassets; sourceTree = "<group>"; };
		9C281555252499AA00A0D08B /* Base */ = {isa = PBXFileReference; lastKnownFileType = file.storyboard; name = Base; path = Base.lproj/LaunchScreen.storyboard; sourceTree = "<group>"; };
		9C281557252499AA00A0D08B /* Info.plist */ = {isa = PBXFileReference; lastKnownFileType = text.plist.xml; path = Info.plist; sourceTree = "<group>"; };
		9C28181325249A1B00A0D08B /* CGFloat+Scaled.swift */ = {isa = PBXFileReference; lastKnownFileType = sourcecode.swift; path = "CGFloat+Scaled.swift"; sourceTree = "<group>"; };
		9C28181A25249AC300A0D08B /* NSDynamicLayoutConstraint.swift */ = {isa = PBXFileReference; lastKnownFileType = sourcecode.swift; path = NSDynamicLayoutConstraint.swift; sourceTree = "<group>"; };
		9C28181D25249AE600A0D08B /* AccessibleStackView.swift */ = {isa = PBXFileReference; lastKnownFileType = sourcecode.swift; path = AccessibleStackView.swift; sourceTree = "<group>"; };
		9CA732512715F79F001C02EA /* TextStylesViewController.swift */ = {isa = PBXFileReference; lastKnownFileType = sourcecode.swift; path = TextStylesViewController.swift; sourceTree = "<group>"; };
		9CA732542716002F001C02EA /* StackViewsController.swift */ = {isa = PBXFileReference; lastKnownFileType = sourcecode.swift; path = StackViewsController.swift; sourceTree = "<group>"; };
		9CBA38892524A53F001A33ED /* SwitchingDefaultViewController.swift */ = {isa = PBXFileReference; lastKnownFileType = sourcecode.swift; path = SwitchingDefaultViewController.swift; sourceTree = "<group>"; };
		9CBA388C2524A554001A33ED /* SwitchingAccessibleViewController.swift */ = {isa = PBXFileReference; lastKnownFileType = sourcecode.swift; path = SwitchingAccessibleViewController.swift; sourceTree = "<group>"; };
		9CCA16742721EBBF00924D0C /* StackViewCell.xib */ = {isa = PBXFileReference; lastKnownFileType = file.xib; path = StackViewCell.xib; sourceTree = "<group>"; };
		9CCA16752721EBBF00924D0C /* StackViewCell.swift */ = {isa = PBXFileReference; lastKnownFileType = sourcecode.swift; path = StackViewCell.swift; sourceTree = "<group>"; };
		9CCB4AC725249FD200C7C0C1 /* UIView+LargeContent.swift */ = {isa = PBXFileReference; lastKnownFileType = sourcecode.swift; path = "UIView+LargeContent.swift"; sourceTree = "<group>"; };
		9CCB4ACA2524A0D600C7C0C1 /* StateViewController.swift */ = {isa = PBXFileReference; lastKnownFileType = sourcecode.swift; path = StateViewController.swift; sourceTree = "<group>"; };
		9CCB4ACD2524A11200C7C0C1 /* UIView+Pinning.swift */ = {isa = PBXFileReference; lastKnownFileType = sourcecode.swift; path = "UIView+Pinning.swift"; sourceTree = "<group>"; };
		9CCB4AD02524A34400C7C0C1 /* SwitchingViewController.swift */ = {isa = PBXFileReference; lastKnownFileType = sourcecode.swift; path = SwitchingViewController.swift; sourceTree = "<group>"; };
/* End PBXFileReference section */

/* Begin PBXFrameworksBuildPhase section */
		9C281543252499A700A0D08B /* Frameworks */ = {
			isa = PBXFrameworksBuildPhase;
			buildActionMask = 2147483647;
			files = (
				9CA7324E2715F5AA001C02EA /* ScrollingContentViewController in Frameworks */,
			);
			runOnlyForDeploymentPostprocessing = 0;
		};
/* End PBXFrameworksBuildPhase section */

/* Begin PBXGroup section */
		9C11AE0927208EF40003E338 /* TextStyles */ = {
			isa = PBXGroup;
			children = (
				9CA732512715F79F001C02EA /* TextStylesViewController.swift */,
				9C11B405272096860003E338 /* UITableView+Helpers.swift */,
				9C11AE0A27208F0D0003E338 /* TextStyleCell.swift */,
				9C11AE0C27208F240003E338 /* TextStyleCell.xib */,
			);
			path = TextStyles;
			sourceTree = "<group>";
		};
		9C28153D252499A700A0D08B = {
			isa = PBXGroup;
			children = (
				9C281548252499A700A0D08B /* DynamicTypeDemo */,
				9C281547252499A700A0D08B /* Products */,
			);
			sourceTree = "<group>";
		};
		9C281547252499A700A0D08B /* Products */ = {
			isa = PBXGroup;
			children = (
				9C281546252499A700A0D08B /* DynamicTypeDemo.app */,
			);
			name = Products;
			sourceTree = "<group>";
		};
		9C281548252499A700A0D08B /* DynamicTypeDemo */ = {
			isa = PBXGroup;
			children = (
				9C281549252499A700A0D08B /* AppDelegate.swift */,
				9C28154B252499A700A0D08B /* SceneDelegate.swift */,
				9CA732502715F6EB001C02EA /* Lib */,
				9CA7324F2715F6B0001C02EA /* SwitchingViewController */,
				9C28154F252499A700A0D08B /* Main.storyboard */,
				9C281552252499AA00A0D08B /* Assets.xcassets */,
				9C281554252499AA00A0D08B /* LaunchScreen.storyboard */,
				9C281557252499AA00A0D08B /* Info.plist */,
				9CA732532715F7A3001C02EA /* ViewControllers */,
			);
			path = DynamicTypeDemo;
			sourceTree = "<group>";
		};
		9CA7324F2715F6B0001C02EA /* SwitchingViewController */ = {
			isa = PBXGroup;
			children = (
				9CCB4AD02524A34400C7C0C1 /* SwitchingViewController.swift */,
				9CBA38892524A53F001A33ED /* SwitchingDefaultViewController.swift */,
				9CBA388C2524A554001A33ED /* SwitchingAccessibleViewController.swift */,
			);
			path = SwitchingViewController;
			sourceTree = "<group>";
		};
		9CA732502715F6EB001C02EA /* Lib */ = {
			isa = PBXGroup;
			children = (
				9CCB4ACD2524A11200C7C0C1 /* UIView+Pinning.swift */,
				9CCB4AC725249FD200C7C0C1 /* UIView+LargeContent.swift */,
				9C28181A25249AC300A0D08B /* NSDynamicLayoutConstraint.swift */,
				9C28181325249A1B00A0D08B /* CGFloat+Scaled.swift */,
				9C28181D25249AE600A0D08B /* AccessibleStackView.swift */,
				9CCB4ACA2524A0D600C7C0C1 /* StateViewController.swift */,
			);
			path = Lib;
			sourceTree = "<group>";
		};
		9CA732532715F7A3001C02EA /* ViewControllers */ = {
			isa = PBXGroup;
			children = (
				9C11AE0927208EF40003E338 /* TextStyles */,
				9CCA16632721DD8600924D0C /* StackViews */,
			);
			path = ViewControllers;
			sourceTree = "<group>";
		};
		9CCA16632721DD8600924D0C /* StackViews */ = {
			isa = PBXGroup;
			children = (
				9CA732542716002F001C02EA /* StackViewsController.swift */,
				9CCA16742721EBBF00924D0C /* StackViewCell.xib */,
				9CCA16752721EBBF00924D0C /* StackViewCell.swift */,
			);
			path = StackViews;
			sourceTree = "<group>";
		};
/* End PBXGroup section */

/* Begin PBXNativeTarget section */
		9C281545252499A700A0D08B /* DynamicTypeDemo */ = {
			isa = PBXNativeTarget;
			buildConfigurationList = 9C28155A252499AA00A0D08B /* Build configuration list for PBXNativeTarget "DynamicTypeDemo" */;
			buildPhases = (
				9C281542252499A700A0D08B /* Sources */,
				9C281543252499A700A0D08B /* Frameworks */,
				9C281544252499A700A0D08B /* Resources */,
			);
			buildRules = (
			);
			dependencies = (
			);
			name = DynamicTypeDemo;
			packageProductDependencies = (
				9CA7324D2715F5AA001C02EA /* ScrollingContentViewController */,
			);
			productName = DynamicTypeDemo;
			productReference = 9C281546252499A700A0D08B /* DynamicTypeDemo.app */;
			productType = "com.apple.product-type.application";
		};
/* End PBXNativeTarget section */

/* Begin PBXProject section */
		9C28153E252499A700A0D08B /* Project object */ = {
			isa = PBXProject;
			attributes = {
				LastSwiftUpdateCheck = 1200;
				LastUpgradeCheck = 1200;
				TargetAttributes = {
					9C281545252499A700A0D08B = {
						CreatedOnToolsVersion = 12.0;
					};
				};
			};
			buildConfigurationList = 9C281541252499A700A0D08B /* Build configuration list for PBXProject "DynamicTypeDemo" */;
			compatibilityVersion = "Xcode 9.3";
			developmentRegion = en;
			hasScannedForEncodings = 0;
			knownRegions = (
				en,
				Base,
			);
			mainGroup = 9C28153D252499A700A0D08B;
			packageReferences = (
				9CA7324C2715F5AA001C02EA /* XCRemoteSwiftPackageReference "ScrollingContentViewController" */,
			);
			productRefGroup = 9C281547252499A700A0D08B /* Products */;
			projectDirPath = "";
			projectRoot = "";
			targets = (
				9C281545252499A700A0D08B /* DynamicTypeDemo */,
			);
		};
/* End PBXProject section */

/* Begin PBXResourcesBuildPhase section */
		9C281544252499A700A0D08B /* Resources */ = {
			isa = PBXResourcesBuildPhase;
			buildActionMask = 2147483647;
			files = (
				9C11AE0D27208F240003E338 /* TextStyleCell.xib in Resources */,
				9C281556252499AA00A0D08B /* LaunchScreen.storyboard in Resources */,
				9C281553252499AA00A0D08B /* Assets.xcassets in Resources */,
				9CCA16772721EBF100924D0C /* StackViewCell.xib in Resources */,
				9C281551252499A700A0D08B /* Main.storyboard in Resources */,
			);
			runOnlyForDeploymentPostprocessing = 0;
		};
/* End PBXResourcesBuildPhase section */

/* Begin PBXSourcesBuildPhase section */
		9C281542252499A700A0D08B /* Sources */ = {
			isa = PBXSourcesBuildPhase;
			buildActionMask = 2147483647;
			files = (
				9C28154A252499A700A0D08B /* AppDelegate.swift in Sources */,
				9C11B406272096860003E338 /* UITableView+Helpers.swift in Sources */,
				9C28181425249A1B00A0D08B /* CGFloat+Scaled.swift in Sources */,
				9CBA388A2524A53F001A33ED /* SwitchingDefaultViewController.swift in Sources */,
				9CCA16762721EBF100924D0C /* StackViewCell.swift in Sources */,
				9CCB4ACB2524A0D600C7C0C1 /* StateViewController.swift in Sources */,
				9C11AE0B27208F0D0003E338 /* TextStyleCell.swift in Sources */,
				9C28181E25249AE600A0D08B /* AccessibleStackView.swift in Sources */,
				9C28154C252499A700A0D08B /* SceneDelegate.swift in Sources */,
				9CCB4ACE2524A11200C7C0C1 /* UIView+Pinning.swift in Sources */,
				9CCB4AC825249FD200C7C0C1 /* UIView+LargeContent.swift in Sources */,
				9CCB4AD12524A34400C7C0C1 /* SwitchingViewController.swift in Sources */,
				9C28181B25249AC300A0D08B /* NSDynamicLayoutConstraint.swift in Sources */,
				9CA732552716002F001C02EA /* StackViewsController.swift in Sources */,
				9CBA388D2524A554001A33ED /* SwitchingAccessibleViewController.swift in Sources */,
				9CA732522715F79F001C02EA /* TextStylesViewController.swift in Sources */,
			);
			runOnlyForDeploymentPostprocessing = 0;
		};
/* End PBXSourcesBuildPhase section */

/* Begin PBXVariantGroup section */
		9C28154F252499A700A0D08B /* Main.storyboard */ = {
			isa = PBXVariantGroup;
			children = (
				9C281550252499A700A0D08B /* Base */,
			);
			name = Main.storyboard;
			sourceTree = "<group>";
		};
		9C281554252499AA00A0D08B /* LaunchScreen.storyboard */ = {
			isa = PBXVariantGroup;
			children = (
				9C281555252499AA00A0D08B /* Base */,
			);
			name = LaunchScreen.storyboard;
			sourceTree = "<group>";
		};
/* End PBXVariantGroup section */

/* Begin XCBuildConfiguration section */
		9C281558252499AA00A0D08B /* Debug */ = {
			isa = XCBuildConfiguration;
			buildSettings = {
				ALWAYS_SEARCH_USER_PATHS = NO;
				CLANG_ANALYZER_NONNULL = YES;
				CLANG_ANALYZER_NUMBER_OBJECT_CONVERSION = YES_AGGRESSIVE;
				CLANG_CXX_LANGUAGE_STANDARD = "gnu++14";
				CLANG_CXX_LIBRARY = "libc++";
				CLANG_ENABLE_MODULES = YES;
				CLANG_ENABLE_OBJC_ARC = YES;
				CLANG_ENABLE_OBJC_WEAK = YES;
				CLANG_WARN_BLOCK_CAPTURE_AUTORELEASING = YES;
				CLANG_WARN_BOOL_CONVERSION = YES;
				CLANG_WARN_COMMA = YES;
				CLANG_WARN_CONSTANT_CONVERSION = YES;
				CLANG_WARN_DEPRECATED_OBJC_IMPLEMENTATIONS = YES;
				CLANG_WARN_DIRECT_OBJC_ISA_USAGE = YES_ERROR;
				CLANG_WARN_DOCUMENTATION_COMMENTS = YES;
				CLANG_WARN_EMPTY_BODY = YES;
				CLANG_WARN_ENUM_CONVERSION = YES;
				CLANG_WARN_INFINITE_RECURSION = YES;
				CLANG_WARN_INT_CONVERSION = YES;
				CLANG_WARN_NON_LITERAL_NULL_CONVERSION = YES;
				CLANG_WARN_OBJC_IMPLICIT_RETAIN_SELF = YES;
				CLANG_WARN_OBJC_LITERAL_CONVERSION = YES;
				CLANG_WARN_OBJC_ROOT_CLASS = YES_ERROR;
				CLANG_WARN_QUOTED_INCLUDE_IN_FRAMEWORK_HEADER = YES;
				CLANG_WARN_RANGE_LOOP_ANALYSIS = YES;
				CLANG_WARN_STRICT_PROTOTYPES = YES;
				CLANG_WARN_SUSPICIOUS_MOVE = YES;
				CLANG_WARN_UNGUARDED_AVAILABILITY = YES_AGGRESSIVE;
				CLANG_WARN_UNREACHABLE_CODE = YES;
				CLANG_WARN__DUPLICATE_METHOD_MATCH = YES;
				COPY_PHASE_STRIP = NO;
				DEBUG_INFORMATION_FORMAT = dwarf;
				ENABLE_STRICT_OBJC_MSGSEND = YES;
				ENABLE_TESTABILITY = YES;
				GCC_C_LANGUAGE_STANDARD = gnu11;
				GCC_DYNAMIC_NO_PIC = NO;
				GCC_NO_COMMON_BLOCKS = YES;
				GCC_OPTIMIZATION_LEVEL = 0;
				GCC_PREPROCESSOR_DEFINITIONS = (
					"DEBUG=1",
					"$(inherited)",
				);
				GCC_WARN_64_TO_32_BIT_CONVERSION = YES;
				GCC_WARN_ABOUT_RETURN_TYPE = YES_ERROR;
				GCC_WARN_UNDECLARED_SELECTOR = YES;
				GCC_WARN_UNINITIALIZED_AUTOS = YES_AGGRESSIVE;
				GCC_WARN_UNUSED_FUNCTION = YES;
				GCC_WARN_UNUSED_VARIABLE = YES;
				IPHONEOS_DEPLOYMENT_TARGET = 14.0;
				MTL_ENABLE_DEBUG_INFO = INCLUDE_SOURCE;
				MTL_FAST_MATH = YES;
				ONLY_ACTIVE_ARCH = YES;
				SDKROOT = iphoneos;
				SWIFT_ACTIVE_COMPILATION_CONDITIONS = DEBUG;
				SWIFT_OPTIMIZATION_LEVEL = "-Onone";
			};
			name = Debug;
		};
		9C281559252499AA00A0D08B /* Release */ = {
			isa = XCBuildConfiguration;
			buildSettings = {
				ALWAYS_SEARCH_USER_PATHS = NO;
				CLANG_ANALYZER_NONNULL = YES;
				CLANG_ANALYZER_NUMBER_OBJECT_CONVERSION = YES_AGGRESSIVE;
				CLANG_CXX_LANGUAGE_STANDARD = "gnu++14";
				CLANG_CXX_LIBRARY = "libc++";
				CLANG_ENABLE_MODULES = YES;
				CLANG_ENABLE_OBJC_ARC = YES;
				CLANG_ENABLE_OBJC_WEAK = YES;
				CLANG_WARN_BLOCK_CAPTURE_AUTORELEASING = YES;
				CLANG_WARN_BOOL_CONVERSION = YES;
				CLANG_WARN_COMMA = YES;
				CLANG_WARN_CONSTANT_CONVERSION = YES;
				CLANG_WARN_DEPRECATED_OBJC_IMPLEMENTATIONS = YES;
				CLANG_WARN_DIRECT_OBJC_ISA_USAGE = YES_ERROR;
				CLANG_WARN_DOCUMENTATION_COMMENTS = YES;
				CLANG_WARN_EMPTY_BODY = YES;
				CLANG_WARN_ENUM_CONVERSION = YES;
				CLANG_WARN_INFINITE_RECURSION = YES;
				CLANG_WARN_INT_CONVERSION = YES;
				CLANG_WARN_NON_LITERAL_NULL_CONVERSION = YES;
				CLANG_WARN_OBJC_IMPLICIT_RETAIN_SELF = YES;
				CLANG_WARN_OBJC_LITERAL_CONVERSION = YES;
				CLANG_WARN_OBJC_ROOT_CLASS = YES_ERROR;
				CLANG_WARN_QUOTED_INCLUDE_IN_FRAMEWORK_HEADER = YES;
				CLANG_WARN_RANGE_LOOP_ANALYSIS = YES;
				CLANG_WARN_STRICT_PROTOTYPES = YES;
				CLANG_WARN_SUSPICIOUS_MOVE = YES;
				CLANG_WARN_UNGUARDED_AVAILABILITY = YES_AGGRESSIVE;
				CLANG_WARN_UNREACHABLE_CODE = YES;
				CLANG_WARN__DUPLICATE_METHOD_MATCH = YES;
				COPY_PHASE_STRIP = NO;
				DEBUG_INFORMATION_FORMAT = "dwarf-with-dsym";
				ENABLE_NS_ASSERTIONS = NO;
				ENABLE_STRICT_OBJC_MSGSEND = YES;
				GCC_C_LANGUAGE_STANDARD = gnu11;
				GCC_NO_COMMON_BLOCKS = YES;
				GCC_WARN_64_TO_32_BIT_CONVERSION = YES;
				GCC_WARN_ABOUT_RETURN_TYPE = YES_ERROR;
				GCC_WARN_UNDECLARED_SELECTOR = YES;
				GCC_WARN_UNINITIALIZED_AUTOS = YES_AGGRESSIVE;
				GCC_WARN_UNUSED_FUNCTION = YES;
				GCC_WARN_UNUSED_VARIABLE = YES;
				IPHONEOS_DEPLOYMENT_TARGET = 14.0;
				MTL_ENABLE_DEBUG_INFO = NO;
				MTL_FAST_MATH = YES;
				SDKROOT = iphoneos;
				SWIFT_COMPILATION_MODE = wholemodule;
				SWIFT_OPTIMIZATION_LEVEL = "-O";
				VALIDATE_PRODUCT = YES;
			};
			name = Release;
		};
		9C28155B252499AA00A0D08B /* Debug */ = {
			isa = XCBuildConfiguration;
			buildSettings = {
				ASSETCATALOG_COMPILER_APPICON_NAME = AppIcon;
				ASSETCATALOG_COMPILER_GLOBAL_ACCENT_COLOR_NAME = AccentColor;
				CODE_SIGN_STYLE = Automatic;
				DEVELOPMENT_TEAM = 392W55R37D;
				INFOPLIST_FILE = DynamicTypeDemo/Info.plist;
				LD_RUNPATH_SEARCH_PATHS = (
					"$(inherited)",
					"@executable_path/Frameworks",
				);
				PRODUCT_BUNDLE_IDENTIFIER = com.alldmeat.DynamicTypeDemo;
				PRODUCT_NAME = "$(TARGET_NAME)";
				SWIFT_VERSION = 5.0;
				TARGETED_DEVICE_FAMILY = "1,2";
			};
			name = Debug;
		};
		9C28155C252499AA00A0D08B /* Release */ = {
			isa = XCBuildConfiguration;
			buildSettings = {
				ASSETCATALOG_COMPILER_APPICON_NAME = AppIcon;
				ASSETCATALOG_COMPILER_GLOBAL_ACCENT_COLOR_NAME = AccentColor;
				CODE_SIGN_STYLE = Automatic;
				DEVELOPMENT_TEAM = 392W55R37D;
				INFOPLIST_FILE = DynamicTypeDemo/Info.plist;
				LD_RUNPATH_SEARCH_PATHS = (
					"$(inherited)",
					"@executable_path/Frameworks",
				);
				PRODUCT_BUNDLE_IDENTIFIER = com.alldmeat.DynamicTypeDemo;
				PRODUCT_NAME = "$(TARGET_NAME)";
				SWIFT_VERSION = 5.0;
				TARGETED_DEVICE_FAMILY = "1,2";
			};
			name = Release;
		};
/* End XCBuildConfiguration section */

/* Begin XCConfigurationList section */
		9C281541252499A700A0D08B /* Build configuration list for PBXProject "DynamicTypeDemo" */ = {
			isa = XCConfigurationList;
			buildConfigurations = (
				9C281558252499AA00A0D08B /* Debug */,
				9C281559252499AA00A0D08B /* Release */,
			);
			defaultConfigurationIsVisible = 0;
			defaultConfigurationName = Release;
		};
		9C28155A252499AA00A0D08B /* Build configuration list for PBXNativeTarget "DynamicTypeDemo" */ = {
			isa = XCConfigurationList;
			buildConfigurations = (
				9C28155B252499AA00A0D08B /* Debug */,
				9C28155C252499AA00A0D08B /* Release */,
			);
			defaultConfigurationIsVisible = 0;
			defaultConfigurationName = Release;
		};
/* End XCConfigurationList section */

/* Begin XCRemoteSwiftPackageReference section */
		9CA7324C2715F5AA001C02EA /* XCRemoteSwiftPackageReference "ScrollingContentViewController" */ = {
			isa = XCRemoteSwiftPackageReference;
			repositoryURL = "https://github.com/drewolbrich/ScrollingContentViewController.git";
			requirement = {
				kind = upToNextMajorVersion;
				minimumVersion = 1.0.0;
			};
		};
/* End XCRemoteSwiftPackageReference section */

/* Begin XCSwiftPackageProductDependency section */
		9CA7324D2715F5AA001C02EA /* ScrollingContentViewController */ = {
			isa = XCSwiftPackageProductDependency;
			package = 9CA7324C2715F5AA001C02EA /* XCRemoteSwiftPackageReference "ScrollingContentViewController" */;
			productName = ScrollingContentViewController;
		};
/* End XCSwiftPackageProductDependency section */
	};
	rootObject = 9C28153E252499A700A0D08B /* Project object */;
}
